<?xml version="1.0" encoding="utf-8"?>
<Project ToolsVersion="4.0" xmlns="http://schemas.microsoft.com/developer/msbuild/2003">
  <ItemGroup>
    <Filter Include="Source Files">
      <UniqueIdentifier>{4FC737F1-C7A5-4376-A066-2A32D752A2FF}</UniqueIdentifier>
      <Extensions>cpp;c;cc;cxx;c++;cppm;ixx;def;odl;idl;hpj;bat;asm;asmx</Extensions>
    </Filter>
    <Filter Include="Header Files">
      <UniqueIdentifier>{93995380-89BD-4b04-88EB-625FBE52EBFB}</UniqueIdentifier>
      <Extensions>h;hh;hpp;hxx;h++;hm;inl;inc;ipp;xsd</Extensions>
    </Filter>
    <Filter Include="Resource Files">
      <UniqueIdentifier>{67DA6AB6-F800-4c08-8B7A-83BB121AAD01}</UniqueIdentifier>
      <Extensions>rc;ico;cur;bmp;dlg;rc2;rct;bin;rgs;gif;jpg;jpeg;jpe;resx;tiff;tif;png;wav;mfcribbon-ms</Extensions>
    </Filter>
  </ItemGroup>
  <ItemGroup>
    <ClInclude Include="framework_public.h">
      <Filter>Header Files</Filter>
    </ClInclude>
    <ClInclude Include="pch.h">
      <Filter>Header Files</Filter>
    </ClInclude>
    <ClInclude Include="elements\bezier_editor.h">
      <Filter>Header Files</Filter>
    </ClInclude>
    <ClInclude Include="elements\button.h">
      <Filter>Header Files</Filter>
    </ClInclude>
    <ClInclude Include="elements\checkbox.h">
      <Filter>Header Files</Filter>
    </ClInclude>
    <ClInclude Include="elements\child_window.h">
      <Filter>Header Files</Filter>
    </ClInclude>
    <ClInclude Include="elements\colorpicker.h">
      <Filter>Header Files</Filter>
    </ClInclude>
    <ClInclude Include="elements\combo_item.h">
      <Filter>Header Files</Filter>
    </ClInclude>
    <ClInclude Include="elements\combobox.h">
      <Filter>Header Files</Filter>
    </ClInclude>
    <ClInclude Include="elements\config_box.h">
      <Filter>Header Files</Filter>
    </ClInclude>
    <ClInclude Include="elements\config_item.h">
      <Filter>Header Files</Filter>
    </ClInclude>
    <ClInclude Include="elements\element.h">
      <Filter>Header Files</Filter>
    </ClInclude>
    <ClInclude Include="elements\element_extender.h">
      <Filter>Header Files</Filter>
    </ClInclude>
    <ClInclude Include="elements\inventory_changer.h">
      <Filter>Header Files</Filter>
    </ClInclude>
    <ClInclude Include="elements\inventory_item.h">
      <Filter>Header Files</Filter>
    </ClInclude>
    <ClInclude Include="elements\key_selector.h">
      <Filter>Header Files</Filter>
    </ClInclude>
    <ClInclude Include="elements\keybind.h">
      <Filter>Header Files</Filter>
    </ClInclude>
    <ClInclude Include="elements\multibox.h">
      <Filter>Header Files</Filter>
    </ClInclude>
    <ClInclude Include="elements\panel.h">
      <Filter>Header Files</Filter>
    </ClInclude>
    <ClInclude Include="elements\panel_container.h">
      <Filter>Header Files</Filter>
    </ClInclude>
    <ClInclude Include="elements\slider.h">
      <Filter>Header Files</Filter>
    </ClInclude>
    <ClInclude Include="elements\small_text_input.h">
      <Filter>Header Files</Filter>
    </ClInclude>
    <ClInclude Include="elements\sub_tab.h">
      <Filter>Header Files</Filter>
    </ClInclude>
    <ClInclude Include="elements\tab.h">
      <Filter>Header Files</Filter>
    </ClInclude>
    <ClInclude Include="elements\text_input.h">
      <Filter>Header Files</Filter>
    </ClInclude>
    <ClInclude Include="elements\window.h">
      <Filter>Header Files</Filter>
    </ClInclude>
    <ClInclude Include="framework_internal.h">
      <Filter>Header Files</Filter>
    </ClInclude>
  </ItemGroup>
  <ItemGroup>
    <ClCompile Include="UIFramework.cpp">
      <Filter>Source Files</Filter>
    </ClCompile>
    <ClCompile Include="pch.cpp">
      <Filter>Source Files</Filter>
    </ClCompile>
    <ClCompile Include="elements\bezier_editor.cpp">
      <Filter>Source Files</Filter>
    </ClCompile>
    <ClCompile Include="elements\bind_manager.cpp">
      <Filter>Source Files</Filter>
    </ClCompile>
    <ClCompile Include="elements\button.cpp">
      <Filter>Source Files</Filter>
    </ClCompile>
    <ClCompile Include="elements\checkbox.cpp">
      <Filter>Source Files</Filter>
    </ClCompile>
    <ClCompile Include="elements\child_window.cpp">
      <Filter>Source Files</Filter>
    </ClCompile>
    <ClCompile Include="elements\colorpicker.cpp">
      <Filter>Source Files</Filter>
    </ClCompile>
    <ClCompile Include="elements\combo_item.cpp">
      <Filter>Source Files</Filter>
    </ClCompile>
    <ClCompile Include="elements\combobox.cpp">
      <Filter>Source Files</Filter>
    </ClCompile>
    <ClCompile Include="elements\config_box.cpp">
      <Filter>Source Files</Filter>
    </ClCompile>
    <ClCompile Include="elements\config_item.cpp">
      <Filter>Source Files</Filter>
    </ClCompile>
    <ClCompile Include="elements\element.cpp">
      <Filter>Source Files</Filter>
    </ClCompile>
    <ClCompile Include="elements\element_extender.cpp">
      <Filter>Source Files</Filter>
    </ClCompile>
    <ClCompile Include="elements\inventory_changer.cpp">
      <Filter>Source Files</Filter>
    </ClCompile>
    <ClCompile Include="elements\inventory_item.cpp">
      <Filter>Source Files</Filter>
    </ClCompile>
    <ClCompile Include="elements\key_selector.cpp">
      <Filter>Source Files</Filter>
    </ClCompile>
    <ClCompile Include="elements\keybind.cpp">
      <Filter>Source Files</Filter>
    </ClCompile>
    <ClCompile Include="elements\multibox.cpp">
      <Filter>Source Files</Filter>
    </ClCompile>
    <ClCompile Include="elements\panel.cpp">
      <Filter>Source Files</Filter>
    </ClCompile>
    <ClCompile Include="elements\panel_container.cpp">
      <Filter>Source Files</Filter>
    </ClCompile>
    <ClCompile Include="elements\slider.cpp">
      <Filter>Source Files</Filter>
    </ClCompile>
    <ClCompile Include="elements\small_text_input.cpp">
      <Filter>Source Files</Filter>
    </ClCompile>
    <ClCompile Include="elements\sub_tab.cpp">
      <Filter>Source Files</Filter>
    </ClCompile>
    <ClCompile Include="elements\sub_window.cpp">
      <Filter>Source Files</Filter>
    </ClCompile>
    <ClCompile Include="elements\tab.cpp">
      <Filter>Source Files</Filter>
    </ClCompile>
    <ClCompile Include="elements\text_input.cpp">
      <Filter>Source Files</Filter>
    </ClCompile>
    <ClCompile Include="elements\window.cpp">
      <Filter>Source Files</Filter>
    </ClCompile>
  </ItemGroup>
</Project>